
Microsoft Visual Studio Solution File, Format Version 12.00
# Visual Studio Version 17
VisualStudioVersion = 17.11.35327.3
MinimumVisualStudioVersion = 10.0.40219.1
Project("{FAE04EC0-301F-11D3-BF4B-00C04F79EFBC}") = "(1.1) Tabla", "(1.1) Tabla.csproj", "{213E02ED-5922-4FFB-A5CF-BB2FAAF2D4C6}"
EndProject
Global
	GlobalSection(SolutionConfigurationPlatforms) = preSolution
		Debug|Any CPU = Debug|Any CPU
		Release|Any CPU = Release|Any CPU
	EndGlobalSection
	GlobalSection(ProjectConfigurationPlatforms) = postSolution
		{213E02ED-5922-4FFB-A5CF-BB2FAAF2D4C6}.Debug|Any CPU.ActiveCfg = Debug|Any CPU
		{213E02ED-5922-4FFB-A5CF-BB2FAAF2D4C6}.Debug|Any CPU.Build.0 = Debug|Any CPU
		{213E02ED-5922-4FFB-A5CF-BB2FAAF2D4C6}.Release|Any CPU.ActiveCfg = Release|Any CPU
		{213E02ED-5922-4FFB-A5CF-BB2FAAF2D4C6}.Release|Any CPU.Build.0 = Release|Any CPU
	EndGlobalSection
	GlobalSection(SolutionProperties) = preSolution
		HideSolutionNode = FALSE
	EndGlobalSection
	GlobalSection(ExtensibilityGlobals) = postSolution
		SolutionGuid = {74CB3388-2152-43C1-B90D-4803963EE0B5}
	EndGlobalSection
EndGlobal
